
Microsoft Visual Studio Solution File, Format Version 12.00
# Visual Studio Version 17
VisualStudioVersion = 17.8.34525.116
MinimumVisualStudioVersion = 10.0.40219.1
Project("{FAE04EC0-301F-11D3-BF4B-00C04F79EFBC}") = "RSA_Sifvravimas", "RSA_Sifvravimas\RSA_Sifvravimas.csproj", "{3E2C03AE-5DB3-4BEF-BD10-6DA4B91BECF9}"
EndProject
Global
	GlobalSection(SolutionConfigurationPlatforms) = preSolution
		Debug|Any CPU = Debug|Any CPU
		Release|Any CPU = Release|Any CPU
	EndGlobalSection
	GlobalSection(ProjectConfigurationPlatforms) = postSolution
		{3E2C03AE-5DB3-4BEF-BD10-6DA4B91BECF9}.Debug|Any CPU.ActiveCfg = Debug|Any CPU
		{3E2C03AE-5DB3-4BEF-BD10-6DA4B91BECF9}.Debug|Any CPU.Build.0 = Debug|Any CPU
		{3E2C03AE-5DB3-4BEF-BD10-6DA4B91BECF9}.Release|Any CPU.ActiveCfg = Release|Any CPU
		{3E2C03AE-5DB3-4BEF-BD10-6DA4B91BECF9}.Release|Any CPU.Build.0 = Release|Any CPU
	EndGlobalSection
	GlobalSection(SolutionProperties) = preSolution
		HideSolutionNode = FALSE
	EndGlobalSection
	GlobalSection(ExtensibilityGlobals) = postSolution
		SolutionGuid = {36B5A358-2A30-46F3-AA7C-B14EF95F25B4}
	EndGlobalSection
EndGlobal
